
Microsoft Visual Studio Solution File, Format Version 12.00
# Visual Studio 15
VisualStudioVersion = 15.0.28010.2048
MinimumVisualStudioVersion = 10.0.40219.1
Project("{FAE04EC0-301F-11D3-BF4B-00C04F79EFBC}") = "OmarApp", "OmarApp\OmarApp.csproj", "{CC6315FF-218B-4C4D-BFE2-62BEAAF7DB6C}"
EndProject
Project("{FAE04EC0-301F-11D3-BF4B-00C04F79EFBC}") = "OpenTidl", "..\jackfagner\OpenTidl\OpenTidl\OpenTidl.csproj", "{3796564B-3A91-4AEE-B859-E7E6BCF1521D}"
EndProject
Project("{FAE04EC0-301F-11D3-BF4B-00C04F79EFBC}") = "OmarAppTests", "OmarAppTests\OmarAppTests.csproj", "{E106BDC7-DF39-4EB0-91D3-73BA067BFD2A}"
EndProject
Global
	GlobalSection(SolutionConfigurationPlatforms) = preSolution
		Debug|Any CPU = Debug|Any CPU
		Release|Any CPU = Release|Any CPU
	EndGlobalSection
	GlobalSection(ProjectConfigurationPlatforms) = postSolution
		{CC6315FF-218B-4C4D-BFE2-62BEAAF7DB6C}.Debug|Any CPU.ActiveCfg = Debug|Any CPU
		{CC6315FF-218B-4C4D-BFE2-62BEAAF7DB6C}.Debug|Any CPU.Build.0 = Debug|Any CPU
		{CC6315FF-218B-4C4D-BFE2-62BEAAF7DB6C}.Release|Any CPU.ActiveCfg = Release|Any CPU
		{CC6315FF-218B-4C4D-BFE2-62BEAAF7DB6C}.Release|Any CPU.Build.0 = Release|Any CPU
		{3796564B-3A91-4AEE-B859-E7E6BCF1521D}.Debug|Any CPU.ActiveCfg = Debug|Any CPU
		{3796564B-3A91-4AEE-B859-E7E6BCF1521D}.Debug|Any CPU.Build.0 = Debug|Any CPU
		{3796564B-3A91-4AEE-B859-E7E6BCF1521D}.Release|Any CPU.ActiveCfg = Release|Any CPU
		{3796564B-3A91-4AEE-B859-E7E6BCF1521D}.Release|Any CPU.Build.0 = Release|Any CPU
		{E106BDC7-DF39-4EB0-91D3-73BA067BFD2A}.Debug|Any CPU.ActiveCfg = Debug|Any CPU
		{E106BDC7-DF39-4EB0-91D3-73BA067BFD2A}.Debug|Any CPU.Build.0 = Debug|Any CPU
		{E106BDC7-DF39-4EB0-91D3-73BA067BFD2A}.Release|Any CPU.ActiveCfg = Release|Any CPU
		{E106BDC7-DF39-4EB0-91D3-73BA067BFD2A}.Release|Any CPU.Build.0 = Release|Any CPU
	EndGlobalSection
	GlobalSection(SolutionProperties) = preSolution
		HideSolutionNode = FALSE
	EndGlobalSection
	GlobalSection(ExtensibilityGlobals) = postSolution
		SolutionGuid = {9941C928-64C4-4FC2-8C7C-AEFEB957378A}
	EndGlobalSection
EndGlobal
